
Microsoft Visual Studio Solution File, Format Version 12.00
# Visual Studio Version 16
VisualStudioVersion = 16.0.31105.61
MinimumVisualStudioVersion = 10.0.40219.1
Project("{FAE04EC0-301F-11D3-BF4B-00C04F79EFBC}") = "IntentionRevealingNames", "IntentionRevealingNames\IntentionRevealingNames.csproj", "{4BC643CF-D6AF-471D-B5B2-AADE2ACD3D40}"
EndProject
Project("{FAE04EC0-301F-11D3-BF4B-00C04F79EFBC}") = "MaingfulContext", "MaingfulContext\MaingfulContext.csproj", "{BBEB8149-1938-4A42-839C-E605F66435A8}"
EndProject
Global
	GlobalSection(SolutionConfigurationPlatforms) = preSolution
		Debug|Any CPU = Debug|Any CPU
		Release|Any CPU = Release|Any CPU
	EndGlobalSection
	GlobalSection(ProjectConfigurationPlatforms) = postSolution
		{4BC643CF-D6AF-471D-B5B2-AADE2ACD3D40}.Debug|Any CPU.ActiveCfg = Debug|Any CPU
		{4BC643CF-D6AF-471D-B5B2-AADE2ACD3D40}.Debug|Any CPU.Build.0 = Debug|Any CPU
		{4BC643CF-D6AF-471D-B5B2-AADE2ACD3D40}.Release|Any CPU.ActiveCfg = Release|Any CPU
		{4BC643CF-D6AF-471D-B5B2-AADE2ACD3D40}.Release|Any CPU.Build.0 = Release|Any CPU
		{BBEB8149-1938-4A42-839C-E605F66435A8}.Debug|Any CPU.ActiveCfg = Debug|Any CPU
		{BBEB8149-1938-4A42-839C-E605F66435A8}.Debug|Any CPU.Build.0 = Debug|Any CPU
		{BBEB8149-1938-4A42-839C-E605F66435A8}.Release|Any CPU.ActiveCfg = Release|Any CPU
		{BBEB8149-1938-4A42-839C-E605F66435A8}.Release|Any CPU.Build.0 = Release|Any CPU
	EndGlobalSection
	GlobalSection(SolutionProperties) = preSolution
		HideSolutionNode = FALSE
	EndGlobalSection
	GlobalSection(ExtensibilityGlobals) = postSolution
		SolutionGuid = {3289B0B2-4A91-41BF-9E82-57CCD339AF74}
	EndGlobalSection
EndGlobal
