
Microsoft Visual Studio Solution File, Format Version 12.00
# Visual Studio Version 16
VisualStudioVersion = 16.0.31105.61
MinimumVisualStudioVersion = 10.0.40219.1
Project("{9A19103F-16F7-4668-BE54-9A1E7A4F7556}") = "IntentionRevealingNames", "IntentionRevealingNames\IntentionRevealingNames.csproj", "{4BC643CF-D6AF-471D-B5B2-AADE2ACD3D40}"
EndProject
Project("{9A19103F-16F7-4668-BE54-9A1E7A4F7556}") = "MaingfulContext", "MaingfulContext\MaingfulContext.csproj", "{BBEB8149-1938-4A42-839C-E605F66435A8}"
EndProject
Project("{9A19103F-16F7-4668-BE54-9A1E7A4F7556}") = "Functions", "Functions\Functions.csproj", "{2FE1C774-F443-4CAE-8DFB-936B27576078}"
EndProject
Project("{FAE04EC0-301F-11D3-BF4B-00C04F79EFBC}") = "Comments", "Comments\Comments.csproj", "{41BC3A78-8E7A-4AFA-A2D4-E19652925826}"
EndProject
Project("{FAE04EC0-301F-11D3-BF4B-00C04F79EFBC}") = "Formatting", "Formatting\Formatting.csproj", "{5E016FBC-447C-4F13-8B0D-A4893E6EE286}"
EndProject
Project("{FAE04EC0-301F-11D3-BF4B-00C04F79EFBC}") = "ClassesShouldBeSmall", "ClassesShouldBeSmall\ClassesShouldBeSmall.csproj", "{AE1229BC-5277-4978-ADB3-E0B7CD6F6A0A}"
EndProject
Global
	GlobalSection(SolutionConfigurationPlatforms) = preSolution
		Debug|Any CPU = Debug|Any CPU
		Release|Any CPU = Release|Any CPU
	EndGlobalSection
	GlobalSection(ProjectConfigurationPlatforms) = postSolution
		{4BC643CF-D6AF-471D-B5B2-AADE2ACD3D40}.Debug|Any CPU.ActiveCfg = Debug|Any CPU
		{4BC643CF-D6AF-471D-B5B2-AADE2ACD3D40}.Debug|Any CPU.Build.0 = Debug|Any CPU
		{4BC643CF-D6AF-471D-B5B2-AADE2ACD3D40}.Release|Any CPU.ActiveCfg = Release|Any CPU
		{4BC643CF-D6AF-471D-B5B2-AADE2ACD3D40}.Release|Any CPU.Build.0 = Release|Any CPU
		{BBEB8149-1938-4A42-839C-E605F66435A8}.Debug|Any CPU.ActiveCfg = Debug|Any CPU
		{BBEB8149-1938-4A42-839C-E605F66435A8}.Debug|Any CPU.Build.0 = Debug|Any CPU
		{BBEB8149-1938-4A42-839C-E605F66435A8}.Release|Any CPU.ActiveCfg = Release|Any CPU
		{BBEB8149-1938-4A42-839C-E605F66435A8}.Release|Any CPU.Build.0 = Release|Any CPU
		{2FE1C774-F443-4CAE-8DFB-936B27576078}.Debug|Any CPU.ActiveCfg = Debug|Any CPU
		{2FE1C774-F443-4CAE-8DFB-936B27576078}.Debug|Any CPU.Build.0 = Debug|Any CPU
		{2FE1C774-F443-4CAE-8DFB-936B27576078}.Release|Any CPU.ActiveCfg = Release|Any CPU
		{2FE1C774-F443-4CAE-8DFB-936B27576078}.Release|Any CPU.Build.0 = Release|Any CPU
		{41BC3A78-8E7A-4AFA-A2D4-E19652925826}.Debug|Any CPU.ActiveCfg = Debug|Any CPU
		{41BC3A78-8E7A-4AFA-A2D4-E19652925826}.Debug|Any CPU.Build.0 = Debug|Any CPU
		{41BC3A78-8E7A-4AFA-A2D4-E19652925826}.Release|Any CPU.ActiveCfg = Release|Any CPU
		{41BC3A78-8E7A-4AFA-A2D4-E19652925826}.Release|Any CPU.Build.0 = Release|Any CPU
		{5E016FBC-447C-4F13-8B0D-A4893E6EE286}.Debug|Any CPU.ActiveCfg = Debug|Any CPU
		{5E016FBC-447C-4F13-8B0D-A4893E6EE286}.Debug|Any CPU.Build.0 = Debug|Any CPU
		{5E016FBC-447C-4F13-8B0D-A4893E6EE286}.Release|Any CPU.ActiveCfg = Release|Any CPU
		{5E016FBC-447C-4F13-8B0D-A4893E6EE286}.Release|Any CPU.Build.0 = Release|Any CPU
		{AE1229BC-5277-4978-ADB3-E0B7CD6F6A0A}.Debug|Any CPU.ActiveCfg = Debug|Any CPU
		{AE1229BC-5277-4978-ADB3-E0B7CD6F6A0A}.Debug|Any CPU.Build.0 = Debug|Any CPU
		{AE1229BC-5277-4978-ADB3-E0B7CD6F6A0A}.Release|Any CPU.ActiveCfg = Release|Any CPU
		{AE1229BC-5277-4978-ADB3-E0B7CD6F6A0A}.Release|Any CPU.Build.0 = Release|Any CPU
	EndGlobalSection
	GlobalSection(SolutionProperties) = preSolution
		HideSolutionNode = FALSE
	EndGlobalSection
	GlobalSection(ExtensibilityGlobals) = postSolution
		SolutionGuid = {3289B0B2-4A91-41BF-9E82-57CCD339AF74}
	EndGlobalSection
EndGlobal
